// !$*UTF8*$!
{
	archiveVersion = 1;
	classes = {
	};
	objectVersion = 55;
	objects = {

/* Begin PBXBuildFile section */
		1E148A734766D699C27BF4EC /* Pods_WiproTestTests.framework in Frameworks */ = {isa = PBXBuildFile; fileRef = 124DC970131FC44E9ED3C2A9 /* Pods_WiproTestTests.framework */; };
		5CC112A441AAD69197841ADD /* Pods_WiproTest.framework in Frameworks */ = {isa = PBXBuildFile; fileRef = 4CAF468B4441FEA007EFB3F4 /* Pods_WiproTest.framework */; };
		890DD433287CB64300E63D9B /* AppDelegate.swift in Sources */ = {isa = PBXBuildFile; fileRef = 890DD432287CB64300E63D9B /* AppDelegate.swift */; };
		890DD435287CB64300E63D9B /* SceneDelegate.swift in Sources */ = {isa = PBXBuildFile; fileRef = 890DD434287CB64300E63D9B /* SceneDelegate.swift */; };
		890DD437287CB64300E63D9B /* ViewController.swift in Sources */ = {isa = PBXBuildFile; fileRef = 890DD436287CB64300E63D9B /* ViewController.swift */; };
		890DD43A287CB64300E63D9B /* Main.storyboard in Resources */ = {isa = PBXBuildFile; fileRef = 890DD438287CB64300E63D9B /* Main.storyboard */; };
		890DD43C287CB64500E63D9B /* Assets.xcassets in Resources */ = {isa = PBXBuildFile; fileRef = 890DD43B287CB64500E63D9B /* Assets.xcassets */; };
		890DD43F287CB64500E63D9B /* LaunchScreen.storyboard in Resources */ = {isa = PBXBuildFile; fileRef = 890DD43D287CB64500E63D9B /* LaunchScreen.storyboard */; };
		890DD44A287CB64500E63D9B /* WiproTestTests.swift in Sources */ = {isa = PBXBuildFile; fileRef = 890DD449287CB64500E63D9B /* WiproTestTests.swift */; };
		890DD454287CB64500E63D9B /* WiproTestUITests.swift in Sources */ = {isa = PBXBuildFile; fileRef = 890DD453287CB64500E63D9B /* WiproTestUITests.swift */; };
		890DD456287CB64500E63D9B /* WiproTestUITestsLaunchTests.swift in Sources */ = {isa = PBXBuildFile; fileRef = 890DD455287CB64500E63D9B /* WiproTestUITestsLaunchTests.swift */; };
		DA8A3B54E69366FAF758E3F4 /* Pods_WiproTest_WiproTestUITests.framework in Frameworks */ = {isa = PBXBuildFile; fileRef = 2195062BF0EFC9848D356279 /* Pods_WiproTest_WiproTestUITests.framework */; };
/* End PBXBuildFile section */

/* Begin PBXContainerItemProxy section */
		890DD446287CB64500E63D9B /* PBXContainerItemProxy */ = {
			isa = PBXContainerItemProxy;
			containerPortal = 890DD427287CB64300E63D9B /* Project object */;
			proxyType = 1;
			remoteGlobalIDString = 890DD42E287CB64300E63D9B;
			remoteInfo = WiproTest;
		};
		890DD450287CB64500E63D9B /* PBXContainerItemProxy */ = {
			isa = PBXContainerItemProxy;
			containerPortal = 890DD427287CB64300E63D9B /* Project object */;
			proxyType = 1;
			remoteGlobalIDString = 890DD42E287CB64300E63D9B;
			remoteInfo = WiproTest;
		};
/* End PBXContainerItemProxy section */

/* Begin PBXFileReference section */
		11CE8BF6AE656511A0BBEF8E /* Pods-WiproTestTests.debug.xcconfig */ = {isa = PBXFileReference; includeInIndex = 1; lastKnownFileType = text.xcconfig; name = "Pods-WiproTestTests.debug.xcconfig"; path = "Target Support Files/Pods-WiproTestTests/Pods-WiproTestTests.debug.xcconfig"; sourceTree = "<group>"; };
		11D8872DBC5019420BB0967F /* Pods-WiproTest-WiproTestUITests.release.xcconfig */ = {isa = PBXFileReference; includeInIndex = 1; lastKnownFileType = text.xcconfig; name = "Pods-WiproTest-WiproTestUITests.release.xcconfig"; path = "Target Support Files/Pods-WiproTest-WiproTestUITests/Pods-WiproTest-WiproTestUITests.release.xcconfig"; sourceTree = "<group>"; };
		124DC970131FC44E9ED3C2A9 /* Pods_WiproTestTests.framework */ = {isa = PBXFileReference; explicitFileType = wrapper.framework; includeInIndex = 0; path = Pods_WiproTestTests.framework; sourceTree = BUILT_PRODUCTS_DIR; };
		199999DBB46F70B251C08BF2 /* Pods-WiproTest-WiproTestUITests.debug.xcconfig */ = {isa = PBXFileReference; includeInIndex = 1; lastKnownFileType = text.xcconfig; name = "Pods-WiproTest-WiproTestUITests.debug.xcconfig"; path = "Target Support Files/Pods-WiproTest-WiproTestUITests/Pods-WiproTest-WiproTestUITests.debug.xcconfig"; sourceTree = "<group>"; };
		2195062BF0EFC9848D356279 /* Pods_WiproTest_WiproTestUITests.framework */ = {isa = PBXFileReference; explicitFileType = wrapper.framework; includeInIndex = 0; path = Pods_WiproTest_WiproTestUITests.framework; sourceTree = BUILT_PRODUCTS_DIR; };
		4CAF468B4441FEA007EFB3F4 /* Pods_WiproTest.framework */ = {isa = PBXFileReference; explicitFileType = wrapper.framework; includeInIndex = 0; path = Pods_WiproTest.framework; sourceTree = BUILT_PRODUCTS_DIR; };
		890DD42F287CB64300E63D9B /* WiproTest.app */ = {isa = PBXFileReference; explicitFileType = wrapper.application; includeInIndex = 0; path = WiproTest.app; sourceTree = BUILT_PRODUCTS_DIR; };
		890DD432287CB64300E63D9B /* AppDelegate.swift */ = {isa = PBXFileReference; lastKnownFileType = sourcecode.swift; path = AppDelegate.swift; sourceTree = "<group>"; };
		890DD434287CB64300E63D9B /* SceneDelegate.swift */ = {isa = PBXFileReference; lastKnownFileType = sourcecode.swift; path = SceneDelegate.swift; sourceTree = "<group>"; };
		890DD436287CB64300E63D9B /* ViewController.swift */ = {isa = PBXFileReference; lastKnownFileType = sourcecode.swift; path = ViewController.swift; sourceTree = "<group>"; };
		890DD439287CB64300E63D9B /* Base */ = {isa = PBXFileReference; lastKnownFileType = file.storyboard; name = Base; path = Base.lproj/Main.storyboard; sourceTree = "<group>"; };
		890DD43B287CB64500E63D9B /* Assets.xcassets */ = {isa = PBXFileReference; lastKnownFileType = folder.assetcatalog; path = Assets.xcassets; sourceTree = "<group>"; };
		890DD43E287CB64500E63D9B /* Base */ = {isa = PBXFileReference; lastKnownFileType = file.storyboard; name = Base; path = Base.lproj/LaunchScreen.storyboard; sourceTree = "<group>"; };
		890DD440287CB64500E63D9B /* Info.plist */ = {isa = PBXFileReference; lastKnownFileType = text.plist.xml; path = Info.plist; sourceTree = "<group>"; };
		890DD445287CB64500E63D9B /* WiproTestTests.xctest */ = {isa = PBXFileReference; explicitFileType = wrapper.cfbundle; includeInIndex = 0; path = WiproTestTests.xctest; sourceTree = BUILT_PRODUCTS_DIR; };
		890DD449287CB64500E63D9B /* WiproTestTests.swift */ = {isa = PBXFileReference; lastKnownFileType = sourcecode.swift; path = WiproTestTests.swift; sourceTree = "<group>"; };
		890DD44F287CB64500E63D9B /* WiproTestUITests.xctest */ = {isa = PBXFileReference; explicitFileType = wrapper.cfbundle; includeInIndex = 0; path = WiproTestUITests.xctest; sourceTree = BUILT_PRODUCTS_DIR; };
		890DD453287CB64500E63D9B /* WiproTestUITests.swift */ = {isa = PBXFileReference; lastKnownFileType = sourcecode.swift; path = WiproTestUITests.swift; sourceTree = "<group>"; };
		890DD455287CB64500E63D9B /* WiproTestUITestsLaunchTests.swift */ = {isa = PBXFileReference; lastKnownFileType = sourcecode.swift; path = WiproTestUITestsLaunchTests.swift; sourceTree = "<group>"; };
		B17D5CC3ADA8D5427C1D5513 /* Pods-WiproTestTests.release.xcconfig */ = {isa = PBXFileReference; includeInIndex = 1; lastKnownFileType = text.xcconfig; name = "Pods-WiproTestTests.release.xcconfig"; path = "Target Support Files/Pods-WiproTestTests/Pods-WiproTestTests.release.xcconfig"; sourceTree = "<group>"; };
		D901A8CC866F3517549D87C3 /* Pods-WiproTest.release.xcconfig */ = {isa = PBXFileReference; includeInIndex = 1; lastKnownFileType = text.xcconfig; name = "Pods-WiproTest.release.xcconfig"; path = "Target Support Files/Pods-WiproTest/Pods-WiproTest.release.xcconfig"; sourceTree = "<group>"; };
		FEB555CC9885BE58A5E4B386 /* Pods-WiproTest.debug.xcconfig */ = {isa = PBXFileReference; includeInIndex = 1; lastKnownFileType = text.xcconfig; name = "Pods-WiproTest.debug.xcconfig"; path = "Target Support Files/Pods-WiproTest/Pods-WiproTest.debug.xcconfig"; sourceTree = "<group>"; };
/* End PBXFileReference section */

/* Begin PBXFrameworksBuildPhase section */
		890DD42C287CB64300E63D9B /* Frameworks */ = {
			isa = PBXFrameworksBuildPhase;
			buildActionMask = 2147483647;
			files = (
				5CC112A441AAD69197841ADD /* Pods_WiproTest.framework in Frameworks */,
			);
			runOnlyForDeploymentPostprocessing = 0;
		};
		890DD442287CB64500E63D9B /* Frameworks */ = {
			isa = PBXFrameworksBuildPhase;
			buildActionMask = 2147483647;
			files = (
				1E148A734766D699C27BF4EC /* Pods_WiproTestTests.framework in Frameworks */,
			);
			runOnlyForDeploymentPostprocessing = 0;
		};
		890DD44C287CB64500E63D9B /* Frameworks */ = {
			isa = PBXFrameworksBuildPhase;
			buildActionMask = 2147483647;
			files = (
				DA8A3B54E69366FAF758E3F4 /* Pods_WiproTest_WiproTestUITests.framework in Frameworks */,
			);
			runOnlyForDeploymentPostprocessing = 0;
		};
/* End PBXFrameworksBuildPhase section */

/* Begin PBXGroup section */
		0AF50252478637FA9607CF99 /* Frameworks */ = {
			isa = PBXGroup;
			children = (
				4CAF468B4441FEA007EFB3F4 /* Pods_WiproTest.framework */,
				2195062BF0EFC9848D356279 /* Pods_WiproTest_WiproTestUITests.framework */,
				124DC970131FC44E9ED3C2A9 /* Pods_WiproTestTests.framework */,
			);
			name = Frameworks;
			sourceTree = "<group>";
		};
		890DD426287CB64300E63D9B = {
			isa = PBXGroup;
			children = (
				890DD431287CB64300E63D9B /* WiproTest */,
				890DD448287CB64500E63D9B /* WiproTestTests */,
				890DD452287CB64500E63D9B /* WiproTestUITests */,
				890DD430287CB64300E63D9B /* Products */,
				A780BB705BCB208E08BAB627 /* Pods */,
				0AF50252478637FA9607CF99 /* Frameworks */,
			);
			sourceTree = "<group>";
		};
		890DD430287CB64300E63D9B /* Products */ = {
			isa = PBXGroup;
			children = (
				890DD42F287CB64300E63D9B /* WiproTest.app */,
				890DD445287CB64500E63D9B /* WiproTestTests.xctest */,
				890DD44F287CB64500E63D9B /* WiproTestUITests.xctest */,
			);
			name = Products;
			sourceTree = "<group>";
		};
		890DD431287CB64300E63D9B /* WiproTest */ = {
			isa = PBXGroup;
			children = (
				890DD432287CB64300E63D9B /* AppDelegate.swift */,
				890DD434287CB64300E63D9B /* SceneDelegate.swift */,
				890DD436287CB64300E63D9B /* ViewController.swift */,
				890DD438287CB64300E63D9B /* Main.storyboard */,
				890DD43B287CB64500E63D9B /* Assets.xcassets */,
				890DD43D287CB64500E63D9B /* LaunchScreen.storyboard */,
				890DD440287CB64500E63D9B /* Info.plist */,
			);
			path = WiproTest;
			sourceTree = "<group>";
		};
		890DD448287CB64500E63D9B /* WiproTestTests */ = {
			isa = PBXGroup;
			children = (
				890DD449287CB64500E63D9B /* WiproTestTests.swift */,
			);
			path = WiproTestTests;
			sourceTree = "<group>";
		};
		890DD452287CB64500E63D9B /* WiproTestUITests */ = {
			isa = PBXGroup;
			children = (
				890DD453287CB64500E63D9B /* WiproTestUITests.swift */,
				890DD455287CB64500E63D9B /* WiproTestUITestsLaunchTests.swift */,
			);
			path = WiproTestUITests;
			sourceTree = "<group>";
		};
		A780BB705BCB208E08BAB627 /* Pods */ = {
			isa = PBXGroup;
			children = (
				FEB555CC9885BE58A5E4B386 /* Pods-WiproTest.debug.xcconfig */,
				D901A8CC866F3517549D87C3 /* Pods-WiproTest.release.xcconfig */,
				199999DBB46F70B251C08BF2 /* Pods-WiproTest-WiproTestUITests.debug.xcconfig */,
				11D8872DBC5019420BB0967F /* Pods-WiproTest-WiproTestUITests.release.xcconfig */,
				11CE8BF6AE656511A0BBEF8E /* Pods-WiproTestTests.debug.xcconfig */,
				B17D5CC3ADA8D5427C1D5513 /* Pods-WiproTestTests.release.xcconfig */,
			);
			name = Pods;
			path = Pods;
			sourceTree = "<group>";
		};
/* End PBXGroup section */

/* Begin PBXNativeTarget section */
		890DD42E287CB64300E63D9B /* WiproTest */ = {
			isa = PBXNativeTarget;
			buildConfigurationList = 890DD459287CB64500E63D9B /* Build configuration list for PBXNativeTarget "WiproTest" */;
			buildPhases = (
				58906C186AEF56CD6A4D63D5 /* [CP] Check Pods Manifest.lock */,
				890DD42B287CB64300E63D9B /* Sources */,
				890DD42C287CB64300E63D9B /* Frameworks */,
				890DD42D287CB64300E63D9B /* Resources */,
				11E17EF79230243B76620217 /* [CP] Embed Pods Frameworks */,
			);
			buildRules = (
			);
			dependencies = (
			);
			name = WiproTest;
			productName = WiproTest;
			productReference = 890DD42F287CB64300E63D9B /* WiproTest.app */;
			productType = "com.apple.product-type.application";
		};
		890DD444287CB64500E63D9B /* WiproTestTests */ = {
			isa = PBXNativeTarget;
			buildConfigurationList = 890DD45C287CB64500E63D9B /* Build configuration list for PBXNativeTarget "WiproTestTests" */;
			buildPhases = (
				66632E7993BA67506E720A34 /* [CP] Check Pods Manifest.lock */,
				890DD441287CB64500E63D9B /* Sources */,
				890DD442287CB64500E63D9B /* Frameworks */,
				890DD443287CB64500E63D9B /* Resources */,
			);
			buildRules = (
			);
			dependencies = (
				890DD447287CB64500E63D9B /* PBXTargetDependency */,
			);
			name = WiproTestTests;
			productName = WiproTestTests;
			productReference = 890DD445287CB64500E63D9B /* WiproTestTests.xctest */;
			productType = "com.apple.product-type.bundle.unit-test";
		};
		890DD44E287CB64500E63D9B /* WiproTestUITests */ = {
			isa = PBXNativeTarget;
			buildConfigurationList = 890DD45F287CB64500E63D9B /* Build configuration list for PBXNativeTarget "WiproTestUITests" */;
			buildPhases = (
				5723E006707AC42016574836 /* [CP] Check Pods Manifest.lock */,
				890DD44B287CB64500E63D9B /* Sources */,
				890DD44C287CB64500E63D9B /* Frameworks */,
				890DD44D287CB64500E63D9B /* Resources */,
				52301A3CDCDAC40A461A605E /* [CP] Embed Pods Frameworks */,
			);
			buildRules = (
			);
			dependencies = (
				890DD451287CB64500E63D9B /* PBXTargetDependency */,
			);
			name = WiproTestUITests;
			productName = WiproTestUITests;
			productReference = 890DD44F287CB64500E63D9B /* WiproTestUITests.xctest */;
			productType = "com.apple.product-type.bundle.ui-testing";
		};
/* End PBXNativeTarget section */

/* Begin PBXProject section */
		890DD427287CB64300E63D9B /* Project object */ = {
			isa = PBXProject;
			attributes = {
				BuildIndependentTargetsInParallel = 1;
				LastSwiftUpdateCheck = 1320;
				LastUpgradeCheck = 1320;
				TargetAttributes = {
					890DD42E287CB64300E63D9B = {
						CreatedOnToolsVersion = 13.2.1;
					};
					890DD444287CB64500E63D9B = {
						CreatedOnToolsVersion = 13.2.1;
						TestTargetID = 890DD42E287CB64300E63D9B;
					};
					890DD44E287CB64500E63D9B = {
						CreatedOnToolsVersion = 13.2.1;
						TestTargetID = 890DD42E287CB64300E63D9B;
					};
				};
			};
			buildConfigurationList = 890DD42A287CB64300E63D9B /* Build configuration list for PBXProject "WiproTest" */;
			compatibilityVersion = "Xcode 13.0";
			developmentRegion = en;
			hasScannedForEncodings = 0;
			knownRegions = (
				en,
				Base,
			);
			mainGroup = 890DD426287CB64300E63D9B;
			productRefGroup = 890DD430287CB64300E63D9B /* Products */;
			projectDirPath = "";
			projectRoot = "";
			targets = (
				890DD42E287CB64300E63D9B /* WiproTest */,
				890DD444287CB64500E63D9B /* WiproTestTests */,
				890DD44E287CB64500E63D9B /* WiproTestUITests */,
			);
		};
/* End PBXProject section */

/* Begin PBXResourcesBuildPhase section */
		890DD42D287CB64300E63D9B /* Resources */ = {
			isa = PBXResourcesBuildPhase;
			buildActionMask = 2147483647;
			files = (
				890DD43F287CB64500E63D9B /* LaunchScreen.storyboard in Resources */,
				890DD43C287CB64500E63D9B /* Assets.xcassets in Resources */,
				890DD43A287CB64300E63D9B /* Main.storyboard in Resources */,
			);
			runOnlyForDeploymentPostprocessing = 0;
		};
		890DD443287CB64500E63D9B /* Resources */ = {
			isa = PBXResourcesBuildPhase;
			buildActionMask = 2147483647;
			files = (
			);
			runOnlyForDeploymentPostprocessing = 0;
		};
		890DD44D287CB64500E63D9B /* Resources */ = {
			isa = PBXResourcesBuildPhase;
			buildActionMask = 2147483647;
			files = (
			);
			runOnlyForDeploymentPostprocessing = 0;
		};
/* End PBXResourcesBuildPhase section */

/* Begin PBXShellScriptBuildPhase section */
		11E17EF79230243B76620217 /* [CP] Embed Pods Frameworks */ = {
			isa = PBXShellScriptBuildPhase;
			buildActionMask = 2147483647;
			files = (
			);
			inputFileListPaths = (
				"${PODS_ROOT}/Target Support Files/Pods-WiproTest/Pods-WiproTest-frameworks-${CONFIGURATION}-input-files.xcfilelist",
			);
			name = "[CP] Embed Pods Frameworks";
			outputFileListPaths = (
				"${PODS_ROOT}/Target Support Files/Pods-WiproTest/Pods-WiproTest-frameworks-${CONFIGURATION}-output-files.xcfilelist",
			);
			runOnlyForDeploymentPostprocessing = 0;
			shellPath = /bin/sh;
			shellScript = "\"${PODS_ROOT}/Target Support Files/Pods-WiproTest/Pods-WiproTest-frameworks.sh\"\n";
			showEnvVarsInLog = 0;
		};
		52301A3CDCDAC40A461A605E /* [CP] Embed Pods Frameworks */ = {
			isa = PBXShellScriptBuildPhase;
			buildActionMask = 2147483647;
			files = (
			);
			inputFileListPaths = (
				"${PODS_ROOT}/Target Support Files/Pods-WiproTest-WiproTestUITests/Pods-WiproTest-WiproTestUITests-frameworks-${CONFIGURATION}-input-files.xcfilelist",
			);
			name = "[CP] Embed Pods Frameworks";
			outputFileListPaths = (
				"${PODS_ROOT}/Target Support Files/Pods-WiproTest-WiproTestUITests/Pods-WiproTest-WiproTestUITests-frameworks-${CONFIGURATION}-output-files.xcfilelist",
			);
			runOnlyForDeploymentPostprocessing = 0;
			shellPath = /bin/sh;
			shellScript = "\"${PODS_ROOT}/Target Support Files/Pods-WiproTest-WiproTestUITests/Pods-WiproTest-WiproTestUITests-frameworks.sh\"\n";
			showEnvVarsInLog = 0;
		};
		5723E006707AC42016574836 /* [CP] Check Pods Manifest.lock */ = {
			isa = PBXShellScriptBuildPhase;
			buildActionMask = 2147483647;
			files = (
			);
			inputFileListPaths = (
			);
			inputPaths = (
				"${PODS_PODFILE_DIR_PATH}/Podfile.lock",
				"${PODS_ROOT}/Manifest.lock",
			);
			name = "[CP] Check Pods Manifest.lock";
			outputFileListPaths = (
			);
			outputPaths = (
				"$(DERIVED_FILE_DIR)/Pods-WiproTest-WiproTestUITests-checkManifestLockResult.txt",
			);
			runOnlyForDeploymentPostprocessing = 0;
			shellPath = /bin/sh;
			shellScript = "diff \"${PODS_PODFILE_DIR_PATH}/Podfile.lock\" \"${PODS_ROOT}/Manifest.lock\" > /dev/null\nif [ $? != 0 ] ; then\n    # print error to STDERR\n    echo \"error: The sandbox is not in sync with the Podfile.lock. Run 'pod install' or update your CocoaPods installation.\" >&2\n    exit 1\nfi\n# This output is used by Xcode 'outputs' to avoid re-running this script phase.\necho \"SUCCESS\" > \"${SCRIPT_OUTPUT_FILE_0}\"\n";
			showEnvVarsInLog = 0;
		};
		58906C186AEF56CD6A4D63D5 /* [CP] Check Pods Manifest.lock */ = {
			isa = PBXShellScriptBuildPhase;
			buildActionMask = 2147483647;
			files = (
			);
			inputFileListPaths = (
			);
			inputPaths = (
				"${PODS_PODFILE_DIR_PATH}/Podfile.lock",
				"${PODS_ROOT}/Manifest.lock",
			);
			name = "[CP] Check Pods Manifest.lock";
			outputFileListPaths = (
			);
			outputPaths = (
				"$(DERIVED_FILE_DIR)/Pods-WiproTest-checkManifestLockResult.txt",
			);
			runOnlyForDeploymentPostprocessing = 0;
			shellPath = /bin/sh;
			shellScript = "diff \"${PODS_PODFILE_DIR_PATH}/Podfile.lock\" \"${PODS_ROOT}/Manifest.lock\" > /dev/null\nif [ $? != 0 ] ; then\n    # print error to STDERR\n    echo \"error: The sandbox is not in sync with the Podfile.lock. Run 'pod install' or update your CocoaPods installation.\" >&2\n    exit 1\nfi\n# This output is used by Xcode 'outputs' to avoid re-running this script phase.\necho \"SUCCESS\" > \"${SCRIPT_OUTPUT_FILE_0}\"\n";
			showEnvVarsInLog = 0;
		};
		66632E7993BA67506E720A34 /* [CP] Check Pods Manifest.lock */ = {
			isa = PBXShellScriptBuildPhase;
			buildActionMask = 2147483647;
			files = (
			);
			inputFileListPaths = (
			);
			inputPaths = (
				"${PODS_PODFILE_DIR_PATH}/Podfile.lock",
				"${PODS_ROOT}/Manifest.lock",
			);
			name = "[CP] Check Pods Manifest.lock";
			outputFileListPaths = (
			);
			outputPaths = (
				"$(DERIVED_FILE_DIR)/Pods-WiproTestTests-checkManifestLockResult.txt",
			);
			runOnlyForDeploymentPostprocessing = 0;
			shellPath = /bin/sh;
			shellScript = "diff \"${PODS_PODFILE_DIR_PATH}/Podfile.lock\" \"${PODS_ROOT}/Manifest.lock\" > /dev/null\nif [ $? != 0 ] ; then\n    # print error to STDERR\n    echo \"error: The sandbox is not in sync with the Podfile.lock. Run 'pod install' or update your CocoaPods installation.\" >&2\n    exit 1\nfi\n# This output is used by Xcode 'outputs' to avoid re-running this script phase.\necho \"SUCCESS\" > \"${SCRIPT_OUTPUT_FILE_0}\"\n";
			showEnvVarsInLog = 0;
		};
/* End PBXShellScriptBuildPhase section */

/* Begin PBXSourcesBuildPhase section */
		890DD42B287CB64300E63D9B /* Sources */ = {
			isa = PBXSourcesBuildPhase;
			buildActionMask = 2147483647;
			files = (
				890DD437287CB64300E63D9B /* ViewController.swift in Sources */,
				890DD433287CB64300E63D9B /* AppDelegate.swift in Sources */,
				890DD435287CB64300E63D9B /* SceneDelegate.swift in Sources */,
			);
			runOnlyForDeploymentPostprocessing = 0;
		};
		890DD441287CB64500E63D9B /* Sources */ = {
			isa = PBXSourcesBuildPhase;
			buildActionMask = 2147483647;
			files = (
				890DD44A287CB64500E63D9B /* WiproTestTests.swift in Sources */,
			);
			runOnlyForDeploymentPostprocessing = 0;
		};
		890DD44B287CB64500E63D9B /* Sources */ = {
			isa = PBXSourcesBuildPhase;
			buildActionMask = 2147483647;
			files = (
				890DD456287CB64500E63D9B /* WiproTestUITestsLaunchTests.swift in Sources */,
				890DD454287CB64500E63D9B /* WiproTestUITests.swift in Sources */,
			);
			runOnlyForDeploymentPostprocessing = 0;
		};
/* End PBXSourcesBuildPhase section */

/* Begin PBXTargetDependency section */
		890DD447287CB64500E63D9B /* PBXTargetDependency */ = {
			isa = PBXTargetDependency;
			target = 890DD42E287CB64300E63D9B /* WiproTest */;
			targetProxy = 890DD446287CB64500E63D9B /* PBXContainerItemProxy */;
		};
		890DD451287CB64500E63D9B /* PBXTargetDependency */ = {
			isa = PBXTargetDependency;
			target = 890DD42E287CB64300E63D9B /* WiproTest */;
			targetProxy = 890DD450287CB64500E63D9B /* PBXContainerItemProxy */;
		};
/* End PBXTargetDependency section */

/* Begin PBXVariantGroup section */
		890DD438287CB64300E63D9B /* Main.storyboard */ = {
			isa = PBXVariantGroup;
			children = (
				890DD439287CB64300E63D9B /* Base */,
			);
			name = Main.storyboard;
			sourceTree = "<group>";
		};
		890DD43D287CB64500E63D9B /* LaunchScreen.storyboard */ = {
			isa = PBXVariantGroup;
			children = (
				890DD43E287CB64500E63D9B /* Base */,
			);
			name = LaunchScreen.storyboard;
			sourceTree = "<group>";
		};
/* End PBXVariantGroup section */

/* Begin XCBuildConfiguration section */
		890DD457287CB64500E63D9B /* Debug */ = {
			isa = XCBuildConfiguration;
			buildSettings = {
				ALWAYS_SEARCH_USER_PATHS = NO;
				CLANG_ANALYZER_NONNULL = YES;
				CLANG_ANALYZER_NUMBER_OBJECT_CONVERSION = YES_AGGRESSIVE;
				CLANG_CXX_LANGUAGE_STANDARD = "gnu++17";
				CLANG_CXX_LIBRARY = "libc++";
				CLANG_ENABLE_MODULES = YES;
				CLANG_ENABLE_OBJC_ARC = YES;
				CLANG_ENABLE_OBJC_WEAK = YES;
				CLANG_WARN_BLOCK_CAPTURE_AUTORELEASING = YES;
				CLANG_WARN_BOOL_CONVERSION = YES;
				CLANG_WARN_COMMA = YES;
				CLANG_WARN_CONSTANT_CONVERSION = YES;
				CLANG_WARN_DEPRECATED_OBJC_IMPLEMENTATIONS = YES;
				CLANG_WARN_DIRECT_OBJC_ISA_USAGE = YES_ERROR;
				CLANG_WARN_DOCUMENTATION_COMMENTS = YES;
				CLANG_WARN_EMPTY_BODY = YES;
				CLANG_WARN_ENUM_CONVERSION = YES;
				CLANG_WARN_INFINITE_RECURSION = YES;
				CLANG_WARN_INT_CONVERSION = YES;
				CLANG_WARN_NON_LITERAL_NULL_CONVERSION = YES;
				CLANG_WARN_OBJC_IMPLICIT_RETAIN_SELF = YES;
				CLANG_WARN_OBJC_LITERAL_CONVERSION = YES;
				CLANG_WARN_OBJC_ROOT_CLASS = YES_ERROR;
				CLANG_WARN_QUOTED_INCLUDE_IN_FRAMEWORK_HEADER = YES;
				CLANG_WARN_RANGE_LOOP_ANALYSIS = YES;
				CLANG_WARN_STRICT_PROTOTYPES = YES;
				CLANG_WARN_SUSPICIOUS_MOVE = YES;
				CLANG_WARN_UNGUARDED_AVAILABILITY = YES_AGGRESSIVE;
				CLANG_WARN_UNREACHABLE_CODE = YES;
				CLANG_WARN__DUPLICATE_METHOD_MATCH = YES;
				COPY_PHASE_STRIP = NO;
				DEBUG_INFORMATION_FORMAT = dwarf;
				ENABLE_STRICT_OBJC_MSGSEND = YES;
				ENABLE_TESTABILITY = YES;
				GCC_C_LANGUAGE_STANDARD = gnu11;
				GCC_DYNAMIC_NO_PIC = NO;
				GCC_NO_COMMON_BLOCKS = YES;
				GCC_OPTIMIZATION_LEVEL = 0;
				GCC_PREPROCESSOR_DEFINITIONS = (
					"DEBUG=1",
					"$(inherited)",
				);
				GCC_WARN_64_TO_32_BIT_CONVERSION = YES;
				GCC_WARN_ABOUT_RETURN_TYPE = YES_ERROR;
				GCC_WARN_UNDECLARED_SELECTOR = YES;
				GCC_WARN_UNINITIALIZED_AUTOS = YES_AGGRESSIVE;
				GCC_WARN_UNUSED_FUNCTION = YES;
				GCC_WARN_UNUSED_VARIABLE = YES;
				IPHONEOS_DEPLOYMENT_TARGET = 15.2;
				MTL_ENABLE_DEBUG_INFO = INCLUDE_SOURCE;
				MTL_FAST_MATH = YES;
				ONLY_ACTIVE_ARCH = YES;
				SDKROOT = iphoneos;
				SWIFT_ACTIVE_COMPILATION_CONDITIONS = DEBUG;
				SWIFT_OPTIMIZATION_LEVEL = "-Onone";
			};
			name = Debug;
		};
		890DD458287CB64500E63D9B /* Release */ = {
			isa = XCBuildConfiguration;
			buildSettings = {
				ALWAYS_SEARCH_USER_PATHS = NO;
				CLANG_ANALYZER_NONNULL = YES;
				CLANG_ANALYZER_NUMBER_OBJECT_CONVERSION = YES_AGGRESSIVE;
				CLANG_CXX_LANGUAGE_STANDARD = "gnu++17";
				CLANG_CXX_LIBRARY = "libc++";
				CLANG_ENABLE_MODULES = YES;
				CLANG_ENABLE_OBJC_ARC = YES;
				CLANG_ENABLE_OBJC_WEAK = YES;
				CLANG_WARN_BLOCK_CAPTURE_AUTORELEASING = YES;
				CLANG_WARN_BOOL_CONVERSION = YES;
				CLANG_WARN_COMMA = YES;
				CLANG_WARN_CONSTANT_CONVERSION = YES;
				CLANG_WARN_DEPRECATED_OBJC_IMPLEMENTATIONS = YES;
				CLANG_WARN_DIRECT_OBJC_ISA_USAGE = YES_ERROR;
				CLANG_WARN_DOCUMENTATION_COMMENTS = YES;
				CLANG_WARN_EMPTY_BODY = YES;
				CLANG_WARN_ENUM_CONVERSION = YES;
				CLANG_WARN_INFINITE_RECURSION = YES;
				CLANG_WARN_INT_CONVERSION = YES;
				CLANG_WARN_NON_LITERAL_NULL_CONVERSION = YES;
				CLANG_WARN_OBJC_IMPLICIT_RETAIN_SELF = YES;
				CLANG_WARN_OBJC_LITERAL_CONVERSION = YES;
				CLANG_WARN_OBJC_ROOT_CLASS = YES_ERROR;
				CLANG_WARN_QUOTED_INCLUDE_IN_FRAMEWORK_HEADER = YES;
				CLANG_WARN_RANGE_LOOP_ANALYSIS = YES;
				CLANG_WARN_STRICT_PROTOTYPES = YES;
				CLANG_WARN_SUSPICIOUS_MOVE = YES;
				CLANG_WARN_UNGUARDED_AVAILABILITY = YES_AGGRESSIVE;
				CLANG_WARN_UNREACHABLE_CODE = YES;
				CLANG_WARN__DUPLICATE_METHOD_MATCH = YES;
				COPY_PHASE_STRIP = NO;
				DEBUG_INFORMATION_FORMAT = "dwarf-with-dsym";
				ENABLE_NS_ASSERTIONS = NO;
				ENABLE_STRICT_OBJC_MSGSEND = YES;
				GCC_C_LANGUAGE_STANDARD = gnu11;
				GCC_NO_COMMON_BLOCKS = YES;
				GCC_WARN_64_TO_32_BIT_CONVERSION = YES;
				GCC_WARN_ABOUT_RETURN_TYPE = YES_ERROR;
				GCC_WARN_UNDECLARED_SELECTOR = YES;
				GCC_WARN_UNINITIALIZED_AUTOS = YES_AGGRESSIVE;
				GCC_WARN_UNUSED_FUNCTION = YES;
				GCC_WARN_UNUSED_VARIABLE = YES;
				IPHONEOS_DEPLOYMENT_TARGET = 15.2;
				MTL_ENABLE_DEBUG_INFO = NO;
				MTL_FAST_MATH = YES;
				SDKROOT = iphoneos;
				SWIFT_COMPILATION_MODE = wholemodule;
				SWIFT_OPTIMIZATION_LEVEL = "-O";
				VALIDATE_PRODUCT = YES;
			};
			name = Release;
		};
		890DD45A287CB64500E63D9B /* Debug */ = {
			isa = XCBuildConfiguration;
			baseConfigurationReference = FEB555CC9885BE58A5E4B386 /* Pods-WiproTest.debug.xcconfig */;
			buildSettings = {
				ASSETCATALOG_COMPILER_APPICON_NAME = AppIcon;
				ASSETCATALOG_COMPILER_GLOBAL_ACCENT_COLOR_NAME = AccentColor;
				CODE_SIGN_STYLE = Automatic;
				CURRENT_PROJECT_VERSION = 1;
				GENERATE_INFOPLIST_FILE = YES;
				INFOPLIST_FILE = WiproTest/Info.plist;
				INFOPLIST_KEY_UIApplicationSupportsIndirectInputEvents = YES;
				INFOPLIST_KEY_UILaunchStoryboardName = LaunchScreen;
				INFOPLIST_KEY_UIMainStoryboardFile = Main;
				INFOPLIST_KEY_UISupportedInterfaceOrientations_iPad = "UIInterfaceOrientationPortrait UIInterfaceOrientationPortraitUpsideDown UIInterfaceOrientationLandscapeLeft UIInterfaceOrientationLandscapeRight";
				INFOPLIST_KEY_UISupportedInterfaceOrientations_iPhone = "UIInterfaceOrientationPortrait UIInterfaceOrientationLandscapeLeft UIInterfaceOrientationLandscapeRight";
				LD_RUNPATH_SEARCH_PATHS = (
					"$(inherited)",
					"@executable_path/Frameworks",
				);
				MARKETING_VERSION = 1.0;
				PRODUCT_BUNDLE_IDENTIFIER = Testproject.WiproTest;
				PRODUCT_NAME = "$(TARGET_NAME)";
				SWIFT_EMIT_LOC_STRINGS = YES;
				SWIFT_VERSION = 5.0;
				TARGETED_DEVICE_FAMILY = "1,2";
			};
			name = Debug;
		};
		890DD45B287CB64500E63D9B /* Release */ = {
			isa = XCBuildConfiguration;
			baseConfigurationReference = D901A8CC866F3517549D87C3 /* Pods-WiproTest.release.xcconfig */;
			buildSettings = {
				ASSETCATALOG_COMPILER_APPICON_NAME = AppIcon;
				ASSETCATALOG_COMPILER_GLOBAL_ACCENT_COLOR_NAME = AccentColor;
				CODE_SIGN_STYLE = Automatic;
				CURRENT_PROJECT_VERSION = 1;
				GENERATE_INFOPLIST_FILE = YES;
				INFOPLIST_FILE = WiproTest/Info.plist;
				INFOPLIST_KEY_UIApplicationSupportsIndirectInputEvents = YES;
				INFOPLIST_KEY_UILaunchStoryboardName = LaunchScreen;
				INFOPLIST_KEY_UIMainStoryboardFile = Main;
				INFOPLIST_KEY_UISupportedInterfaceOrientations_iPad = "UIInterfaceOrientationPortrait UIInterfaceOrientationPortraitUpsideDown UIInterfaceOrientationLandscapeLeft UIInterfaceOrientationLandscapeRight";
				INFOPLIST_KEY_UISupportedInterfaceOrientations_iPhone = "UIInterfaceOrientationPortrait UIInterfaceOrientationLandscapeLeft UIInterfaceOrientationLandscapeRight";
				LD_RUNPATH_SEARCH_PATHS = (
					"$(inherited)",
					"@executable_path/Frameworks",
				);
				MARKETING_VERSION = 1.0;
				PRODUCT_BUNDLE_IDENTIFIER = Testproject.WiproTest;
				PRODUCT_NAME = "$(TARGET_NAME)";
				SWIFT_EMIT_LOC_STRINGS = YES;
				SWIFT_VERSION = 5.0;
				TARGETED_DEVICE_FAMILY = "1,2";
			};
			name = Release;
		};
		890DD45D287CB64500E63D9B /* Debug */ = {
			isa = XCBuildConfiguration;
			baseConfigurationReference = 11CE8BF6AE656511A0BBEF8E /* Pods-WiproTestTests.debug.xcconfig */;
			buildSettings = {
				ALWAYS_EMBED_SWIFT_STANDARD_LIBRARIES = YES;
				BUNDLE_LOADER = "$(TEST_HOST)";
				CODE_SIGN_STYLE = Automatic;
				CURRENT_PROJECT_VERSION = 1;
				GENERATE_INFOPLIST_FILE = YES;
				IPHONEOS_DEPLOYMENT_TARGET = 15.2;
				MARKETING_VERSION = 1.0;
				PRODUCT_BUNDLE_IDENTIFIER = Testproject.WiproTestTests;
				PRODUCT_NAME = "$(TARGET_NAME)";
				SWIFT_EMIT_LOC_STRINGS = NO;
				SWIFT_VERSION = 5.0;
				TARGETED_DEVICE_FAMILY = "1,2";
				TEST_HOST = "$(BUILT_PRODUCTS_DIR)/WiproTest.app/WiproTest";
			};
			name = Debug;
		};
		890DD45E287CB64500E63D9B /* Release */ = {
			isa = XCBuildConfiguration;
			baseConfigurationReference = B17D5CC3ADA8D5427C1D5513 /* Pods-WiproTestTests.release.xcconfig */;
			buildSettings = {
				ALWAYS_EMBED_SWIFT_STANDARD_LIBRARIES = YES;
				BUNDLE_LOADER = "$(TEST_HOST)";
				CODE_SIGN_STYLE = Automatic;
				CURRENT_PROJECT_VERSION = 1;
				GENERATE_INFOPLIST_FILE = YES;
				IPHONEOS_DEPLOYMENT_TARGET = 15.2;
				MARKETING_VERSION = 1.0;
				PRODUCT_BUNDLE_IDENTIFIER = Testproject.WiproTestTests;
				PRODUCT_NAME = "$(TARGET_NAME)";
				SWIFT_EMIT_LOC_STRINGS = NO;
				SWIFT_VERSION = 5.0;
				TARGETED_DEVICE_FAMILY = "1,2";
				TEST_HOST = "$(BUILT_PRODUCTS_DIR)/WiproTest.app/WiproTest";
			};
			name = Release;
		};
		890DD460287CB64500E63D9B /* Debug */ = {
			isa = XCBuildConfiguration;
			baseConfigurationReference = 199999DBB46F70B251C08BF2 /* Pods-WiproTest-WiproTestUITests.debug.xcconfig */;
			buildSettings = {
				ALWAYS_EMBED_SWIFT_STANDARD_LIBRARIES = YES;
				CODE_SIGN_STYLE = Automatic;
				CURRENT_PROJECT_VERSION = 1;
				GENERATE_INFOPLIST_FILE = YES;
				MARKETING_VERSION = 1.0;
				PRODUCT_BUNDLE_IDENTIFIER = Testproject.WiproTestUITests;
				PRODUCT_NAME = "$(TARGET_NAME)";
				SWIFT_EMIT_LOC_STRINGS = NO;
				SWIFT_VERSION = 5.0;
				TARGETED_DEVICE_FAMILY = "1,2";
				TEST_TARGET_NAME = WiproTest;
			};
			name = Debug;
		};
		890DD461287CB64500E63D9B /* Release */ = {
			isa = XCBuildConfiguration;
			baseConfigurationReference = 11D8872DBC5019420BB0967F /* Pods-WiproTest-WiproTestUITests.release.xcconfig */;
			buildSettings = {
				ALWAYS_EMBED_SWIFT_STANDARD_LIBRARIES = YES;
				CODE_SIGN_STYLE = Automatic;
				CURRENT_PROJECT_VERSION = 1;
				GENERATE_INFOPLIST_FILE = YES;
				MARKETING_VERSION = 1.0;
				PRODUCT_BUNDLE_IDENTIFIER = Testproject.WiproTestUITests;
				PRODUCT_NAME = "$(TARGET_NAME)";
				SWIFT_EMIT_LOC_STRINGS = NO;
				SWIFT_VERSION = 5.0;
				TARGETED_DEVICE_FAMILY = "1,2";
				TEST_TARGET_NAME = WiproTest;
			};
			name = Release;
		};
/* End XCBuildConfiguration section */

/* Begin XCConfigurationList section */
		890DD42A287CB64300E63D9B /* Build configuration list for PBXProject "WiproTest" */ = {
			isa = XCConfigurationList;
			buildConfigurations = (
				890DD457287CB64500E63D9B /* Debug */,
				890DD458287CB64500E63D9B /* Release */,
			);
			defaultConfigurationIsVisible = 0;
			defaultConfigurationName = Release;
		};
		890DD459287CB64500E63D9B /* Build configuration list for PBXNativeTarget "WiproTest" */ = {
			isa = XCConfigurationList;
			buildConfigurations = (
				890DD45A287CB64500E63D9B /* Debug */,
				890DD45B287CB64500E63D9B /* Release */,
			);
			defaultConfigurationIsVisible = 0;
			defaultConfigurationName = Release;
		};
		890DD45C287CB64500E63D9B /* Build configuration list for PBXNativeTarget "WiproTestTests" */ = {
			isa = XCConfigurationList;
			buildConfigurations = (
				890DD45D287CB64500E63D9B /* Debug */,
				890DD45E287CB64500E63D9B /* Release */,
			);
			defaultConfigurationIsVisible = 0;
			defaultConfigurationName = Release;
		};
		890DD45F287CB64500E63D9B /* Build configuration list for PBXNativeTarget "WiproTestUITests" */ = {
			isa = XCConfigurationList;
			buildConfigurations = (
				890DD460287CB64500E63D9B /* Debug */,
				890DD461287CB64500E63D9B /* Release */,
			);
			defaultConfigurationIsVisible = 0;
			defaultConfigurationName = Release;
		};
/* End XCConfigurationList section */
	};
	rootObject = 890DD427287CB64300E63D9B /* Project object */;
}
